// !$*UTF8*$!
{
	archiveVersion = 1;
	classes = {
	};
	objectVersion = 56;
	objects = {

/* Begin PBXBuildFile section */
		F53E8A5F2A956AFA002407E7 /* note_blocks.swift in Sources */ = {isa = PBXBuildFile; fileRef = F53E8A5E2A956AFA002407E7 /* note_blocks.swift */; };
		F53E8A612A956B0E002407E7 /* header.swift in Sources */ = {isa = PBXBuildFile; fileRef = F53E8A602A956B0E002407E7 /* header.swift */; };
		F53E8A632A956D05002407E7 /* app_path.swift in Sources */ = {isa = PBXBuildFile; fileRef = F53E8A622A956D05002407E7 /* app_path.swift */; };
		F53E8A652A957184002407E7 /* Single_note_block.swift in Sources */ = {isa = PBXBuildFile; fileRef = F53E8A642A957184002407E7 /* Single_note_block.swift */; };
		F59F3A562A9419D50060F98E /* noteGPTApp.swift in Sources */ = {isa = PBXBuildFile; fileRef = F59F3A552A9419D50060F98E /* noteGPTApp.swift */; };
		F59F3A582A9419D50060F98E /* ContentView.swift in Sources */ = {isa = PBXBuildFile; fileRef = F59F3A572A9419D50060F98E /* ContentView.swift */; };
		F59F3A5A2A9419D70060F98E /* Assets.xcassets in Resources */ = {isa = PBXBuildFile; fileRef = F59F3A592A9419D70060F98E /* Assets.xcassets */; };
		F59F3A5D2A9419D70060F98E /* Preview Assets.xcassets in Resources */ = {isa = PBXBuildFile; fileRef = F59F3A5C2A9419D70060F98E /* Preview Assets.xcassets */; };
/* End PBXBuildFile section */

/* Begin PBXFileReference section */
		F53E8A5E2A956AFA002407E7 /* note_blocks.swift */ = {isa = PBXFileReference; lastKnownFileType = sourcecode.swift; path = note_blocks.swift; sourceTree = "<group>"; };
		F53E8A602A956B0E002407E7 /* header.swift */ = {isa = PBXFileReference; lastKnownFileType = sourcecode.swift; path = header.swift; sourceTree = "<group>"; };
		F53E8A622A956D05002407E7 /* app_path.swift */ = {isa = PBXFileReference; lastKnownFileType = sourcecode.swift; path = app_path.swift; sourceTree = "<group>"; };
		F53E8A642A957184002407E7 /* Single_note_block.swift */ = {isa = PBXFileReference; lastKnownFileType = sourcecode.swift; path = Single_note_block.swift; sourceTree = "<group>"; };
		F59F3A522A9419D50060F98E /* noteGPT.app */ = {isa = PBXFileReference; explicitFileType = wrapper.application; includeInIndex = 0; path = noteGPT.app; sourceTree = BUILT_PRODUCTS_DIR; };
		F59F3A552A9419D50060F98E /* noteGPTApp.swift */ = {isa = PBXFileReference; lastKnownFileType = sourcecode.swift; path = noteGPTApp.swift; sourceTree = "<group>"; };
		F59F3A572A9419D50060F98E /* ContentView.swift */ = {isa = PBXFileReference; lastKnownFileType = sourcecode.swift; path = ContentView.swift; sourceTree = "<group>"; };
		F59F3A592A9419D70060F98E /* Assets.xcassets */ = {isa = PBXFileReference; lastKnownFileType = folder.assetcatalog; path = Assets.xcassets; sourceTree = "<group>"; };
		F59F3A5C2A9419D70060F98E /* Preview Assets.xcassets */ = {isa = PBXFileReference; lastKnownFileType = folder.assetcatalog; path = "Preview Assets.xcassets"; sourceTree = "<group>"; };
/* End PBXFileReference section */

/* Begin PBXFrameworksBuildPhase section */
		F59F3A4F2A9419D50060F98E /* Frameworks */ = {
			isa = PBXFrameworksBuildPhase;
			buildActionMask = 2147483647;
			files = (
			);
			runOnlyForDeploymentPostprocessing = 0;
		};
/* End PBXFrameworksBuildPhase section */

/* Begin PBXGroup section */
		F53E8A662A957455002407E7 /* Notes_view */ = {
			isa = PBXGroup;
			children = (
				F53E8A5E2A956AFA002407E7 /* note_blocks.swift */,
				F53E8A602A956B0E002407E7 /* header.swift */,
				F53E8A622A956D05002407E7 /* app_path.swift */,
				F53E8A642A957184002407E7 /* Single_note_block.swift */,
			);
			path = Notes_view;
			sourceTree = "<group>";
		};
		F59F3A492A9419D50060F98E = {
			isa = PBXGroup;
			children = (
				F59F3A542A9419D50060F98E /* noteGPT */,
				F59F3A532A9419D50060F98E /* Products */,
			);
			sourceTree = "<group>";
		};
		F59F3A532A9419D50060F98E /* Products */ = {
			isa = PBXGroup;
			children = (
				F59F3A522A9419D50060F98E /* noteGPT.app */,
			);
			name = Products;
			sourceTree = "<group>";
		};
		F59F3A542A9419D50060F98E /* noteGPT */ = {
			isa = PBXGroup;
			children = (
				F53E8A662A957455002407E7 /* Notes_view */,
				F59F3A552A9419D50060F98E /* noteGPTApp.swift */,
				F59F3A572A9419D50060F98E /* ContentView.swift */,
				F59F3A592A9419D70060F98E /* Assets.xcassets */,
				F59F3A5B2A9419D70060F98E /* Preview Content */,
			);
			path = noteGPT;
			sourceTree = "<group>";
		};
		F59F3A5B2A9419D70060F98E /* Preview Content */ = {
			isa = PBXGroup;
			children = (
				F59F3A5C2A9419D70060F98E /* Preview Assets.xcassets */,
			);
			path = "Preview Content";
			sourceTree = "<group>";
		};
/* End PBXGroup section */

/* Begin PBXNativeTarget section */
		F59F3A512A9419D50060F98E /* noteGPT */ = {
			isa = PBXNativeTarget;
			buildConfigurationList = F59F3A602A9419D70060F98E /* Build configuration list for PBXNativeTarget "noteGPT" */;
			buildPhases = (
				F59F3A4E2A9419D50060F98E /* Sources */,
				F59F3A4F2A9419D50060F98E /* Frameworks */,
				F59F3A502A9419D50060F98E /* Resources */,
			);
			buildRules = (
			);
			dependencies = (
			);
			name = noteGPT;
			productName = noteGPT;
			productReference = F59F3A522A9419D50060F98E /* noteGPT.app */;
			productType = "com.apple.product-type.application";
		};
/* End PBXNativeTarget section */

/* Begin PBXProject section */
		F59F3A4A2A9419D50060F98E /* Project object */ = {
			isa = PBXProject;
			attributes = {
				BuildIndependentTargetsInParallel = 1;
				LastSwiftUpdateCheck = 1420;
				LastUpgradeCheck = 1420;
				TargetAttributes = {
					F59F3A512A9419D50060F98E = {
						CreatedOnToolsVersion = 14.2;
					};
				};
			};
			buildConfigurationList = F59F3A4D2A9419D50060F98E /* Build configuration list for PBXProject "noteGPT" */;
			compatibilityVersion = "Xcode 14.0";
			developmentRegion = en;
			hasScannedForEncodings = 0;
			knownRegions = (
				en,
				Base,
			);
			mainGroup = F59F3A492A9419D50060F98E;
			productRefGroup = F59F3A532A9419D50060F98E /* Products */;
			projectDirPath = "";
			projectRoot = "";
			targets = (
				F59F3A512A9419D50060F98E /* noteGPT */,
			);
		};
/* End PBXProject section */

/* Begin PBXResourcesBuildPhase section */
		F59F3A502A9419D50060F98E /* Resources */ = {
			isa = PBXResourcesBuildPhase;
			buildActionMask = 2147483647;
			files = (
				F59F3A5D2A9419D70060F98E /* Preview Assets.xcassets in Resources */,
				F59F3A5A2A9419D70060F98E /* Assets.xcassets in Resources */,
			);
			runOnlyForDeploymentPostprocessing = 0;
		};
/* End PBXResourcesBuildPhase section */

/* Begin PBXSourcesBuildPhase section */
		F59F3A4E2A9419D50060F98E /* Sources */ = {
			isa = PBXSourcesBuildPhase;
			buildActionMask = 2147483647;
			files = (
				F53E8A632A956D05002407E7 /* app_path.swift in Sources */,
				F53E8A612A956B0E002407E7 /* header.swift in Sources */,
				F59F3A582A9419D50060F98E /* ContentView.swift in Sources */,
				F53E8A5F2A956AFA002407E7 /* note_blocks.swift in Sources */,
				F59F3A562A9419D50060F98E /* noteGPTApp.swift in Sources */,
				F53E8A652A957184002407E7 /* Single_note_block.swift in Sources */,
			);
			runOnlyForDeploymentPostprocessing = 0;
		};
/* End PBXSourcesBuildPhase section */

/* Begin XCBuildConfiguration section */
		F59F3A5E2A9419D70060F98E /* Debug */ = {
			isa = XCBuildConfiguration;
			buildSettings = {
				ALWAYS_SEARCH_USER_PATHS = NO;
				CLANG_ANALYZER_NONNULL = YES;
				CLANG_ANALYZER_NUMBER_OBJECT_CONVERSION = YES_AGGRESSIVE;
				CLANG_CXX_LANGUAGE_STANDARD = "gnu++20";
				CLANG_ENABLE_MODULES = YES;
				CLANG_ENABLE_OBJC_ARC = YES;
				CLANG_ENABLE_OBJC_WEAK = YES;
				CLANG_WARN_BLOCK_CAPTURE_AUTORELEASING = YES;
				CLANG_WARN_BOOL_CONVERSION = YES;
				CLANG_WARN_COMMA = YES;
				CLANG_WARN_CONSTANT_CONVERSION = YES;
				CLANG_WARN_DEPRECATED_OBJC_IMPLEMENTATIONS = YES;
				CLANG_WARN_DIRECT_OBJC_ISA_USAGE = YES_ERROR;
				CLANG_WARN_DOCUMENTATION_COMMENTS = YES;
				CLANG_WARN_EMPTY_BODY = YES;
				CLANG_WARN_ENUM_CONVERSION = YES;
				CLANG_WARN_INFINITE_RECURSION = YES;
				CLANG_WARN_INT_CONVERSION = YES;
				CLANG_WARN_NON_LITERAL_NULL_CONVERSION = YES;
				CLANG_WARN_OBJC_IMPLICIT_RETAIN_SELF = YES;
				CLANG_WARN_OBJC_LITERAL_CONVERSION = YES;
				CLANG_WARN_OBJC_ROOT_CLASS = YES_ERROR;
				CLANG_WARN_QUOTED_INCLUDE_IN_FRAMEWORK_HEADER = YES;
				CLANG_WARN_RANGE_LOOP_ANALYSIS = YES;
				CLANG_WARN_STRICT_PROTOTYPES = YES;
				CLANG_WARN_SUSPICIOUS_MOVE = YES;
				CLANG_WARN_UNGUARDED_AVAILABILITY = YES_AGGRESSIVE;
				CLANG_WARN_UNREACHABLE_CODE = YES;
				CLANG_WARN__DUPLICATE_METHOD_MATCH = YES;
				COPY_PHASE_STRIP = NO;
				DEBUG_INFORMATION_FORMAT = dwarf;
				ENABLE_STRICT_OBJC_MSGSEND = YES;
				ENABLE_TESTABILITY = YES;
				GCC_C_LANGUAGE_STANDARD = gnu11;
				GCC_DYNAMIC_NO_PIC = NO;
				GCC_NO_COMMON_BLOCKS = YES;
				GCC_OPTIMIZATION_LEVEL = 0;
				GCC_PREPROCESSOR_DEFINITIONS = (
					"DEBUG=1",
					"$(inherited)",
				);
				GCC_WARN_64_TO_32_BIT_CONVERSION = YES;
				GCC_WARN_ABOUT_RETURN_TYPE = YES_ERROR;
				GCC_WARN_UNDECLARED_SELECTOR = YES;
				GCC_WARN_UNINITIALIZED_AUTOS = YES_AGGRESSIVE;
				GCC_WARN_UNUSED_FUNCTION = YES;
				GCC_WARN_UNUSED_VARIABLE = YES;
				IPHONEOS_DEPLOYMENT_TARGET = 16.2;
				MTL_ENABLE_DEBUG_INFO = INCLUDE_SOURCE;
				MTL_FAST_MATH = YES;
				ONLY_ACTIVE_ARCH = YES;
				SDKROOT = iphoneos;
				SWIFT_ACTIVE_COMPILATION_CONDITIONS = DEBUG;
				SWIFT_OPTIMIZATION_LEVEL = "-Onone";
			};
			name = Debug;
		};
		F59F3A5F2A9419D70060F98E /* Release */ = {
			isa = XCBuildConfiguration;
			buildSettings = {
				ALWAYS_SEARCH_USER_PATHS = NO;
				CLANG_ANALYZER_NONNULL = YES;
				CLANG_ANALYZER_NUMBER_OBJECT_CONVERSION = YES_AGGRESSIVE;
				CLANG_CXX_LANGUAGE_STANDARD = "gnu++20";
				CLANG_ENABLE_MODULES = YES;
				CLANG_ENABLE_OBJC_ARC = YES;
				CLANG_ENABLE_OBJC_WEAK = YES;
				CLANG_WARN_BLOCK_CAPTURE_AUTORELEASING = YES;
				CLANG_WARN_BOOL_CONVERSION = YES;
				CLANG_WARN_COMMA = YES;
				CLANG_WARN_CONSTANT_CONVERSION = YES;
				CLANG_WARN_DEPRECATED_OBJC_IMPLEMENTATIONS = YES;
				CLANG_WARN_DIRECT_OBJC_ISA_USAGE = YES_ERROR;
				CLANG_WARN_DOCUMENTATION_COMMENTS = YES;
				CLANG_WARN_EMPTY_BODY = YES;
				CLANG_WARN_ENUM_CONVERSION = YES;
				CLANG_WARN_INFINITE_RECURSION = YES;
				CLANG_WARN_INT_CONVERSION = YES;
				CLANG_WARN_NON_LITERAL_NULL_CONVERSION = YES;
				CLANG_WARN_OBJC_IMPLICIT_RETAIN_SELF = YES;
				CLANG_WARN_OBJC_LITERAL_CONVERSION = YES;
				CLANG_WARN_OBJC_ROOT_CLASS = YES_ERROR;
				CLANG_WARN_QUOTED_INCLUDE_IN_FRAMEWORK_HEADER = YES;
				CLANG_WARN_RANGE_LOOP_ANALYSIS = YES;
				CLANG_WARN_STRICT_PROTOTYPES = YES;
				CLANG_WARN_SUSPICIOUS_MOVE = YES;
				CLANG_WARN_UNGUARDED_AVAILABILITY = YES_AGGRESSIVE;
				CLANG_WARN_UNREACHABLE_CODE = YES;
				CLANG_WARN__DUPLICATE_METHOD_MATCH = YES;
				COPY_PHASE_STRIP = NO;
				DEBUG_INFORMATION_FORMAT = "dwarf-with-dsym";
				ENABLE_NS_ASSERTIONS = NO;
				ENABLE_STRICT_OBJC_MSGSEND = YES;
				GCC_C_LANGUAGE_STANDARD = gnu11;
				GCC_NO_COMMON_BLOCKS = YES;
				GCC_WARN_64_TO_32_BIT_CONVERSION = YES;
				GCC_WARN_ABOUT_RETURN_TYPE = YES_ERROR;
				GCC_WARN_UNDECLARED_SELECTOR = YES;
				GCC_WARN_UNINITIALIZED_AUTOS = YES_AGGRESSIVE;
				GCC_WARN_UNUSED_FUNCTION = YES;
				GCC_WARN_UNUSED_VARIABLE = YES;
				IPHONEOS_DEPLOYMENT_TARGET = 16.2;
				MTL_ENABLE_DEBUG_INFO = NO;
				MTL_FAST_MATH = YES;
				SDKROOT = iphoneos;
				SWIFT_COMPILATION_MODE = wholemodule;
				SWIFT_OPTIMIZATION_LEVEL = "-O";
				VALIDATE_PRODUCT = YES;
			};
			name = Release;
		};
		F59F3A612A9419D70060F98E /* Debug */ = {
			isa = XCBuildConfiguration;
			buildSettings = {
				ASSETCATALOG_COMPILER_APPICON_NAME = AppIcon;
				ASSETCATALOG_COMPILER_GLOBAL_ACCENT_COLOR_NAME = AccentColor;
				CODE_SIGN_STYLE = Automatic;
				CURRENT_PROJECT_VERSION = 1;
				DEVELOPMENT_ASSET_PATHS = "\"noteGPT/Preview Content\"";
				ENABLE_PREVIEWS = YES;
				GENERATE_INFOPLIST_FILE = YES;
				INFOPLIST_KEY_UIApplicationSceneManifest_Generation = YES;
				INFOPLIST_KEY_UIApplicationSupportsIndirectInputEvents = YES;
				INFOPLIST_KEY_UILaunchScreen_Generation = YES;
				INFOPLIST_KEY_UISupportedInterfaceOrientations_iPad = "UIInterfaceOrientationPortrait UIInterfaceOrientationPortraitUpsideDown UIInterfaceOrientationLandscapeLeft UIInterfaceOrientationLandscapeRight";
				INFOPLIST_KEY_UISupportedInterfaceOrientations_iPhone = "UIInterfaceOrientationPortrait UIInterfaceOrientationLandscapeLeft UIInterfaceOrientationLandscapeRight";
				LD_RUNPATH_SEARCH_PATHS = (
					"$(inherited)",
					"@executable_path/Frameworks",
				);
				MARKETING_VERSION = 1.0;
				PRODUCT_BUNDLE_IDENTIFIER = com.br.dandan.noteGPT;
				PRODUCT_NAME = "$(TARGET_NAME)";
				SWIFT_EMIT_LOC_STRINGS = YES;
				SWIFT_VERSION = 5.0;
				TARGETED_DEVICE_FAMILY = "1,2";
			};
			name = Debug;
		};
		F59F3A622A9419D70060F98E /* Release */ = {
			isa = XCBuildConfiguration;
			buildSettings = {
				ASSETCATALOG_COMPILER_APPICON_NAME = AppIcon;
				ASSETCATALOG_COMPILER_GLOBAL_ACCENT_COLOR_NAME = AccentColor;
				CODE_SIGN_STYLE = Automatic;
				CURRENT_PROJECT_VERSION = 1;
				DEVELOPMENT_ASSET_PATHS = "\"noteGPT/Preview Content\"";
				ENABLE_PREVIEWS = YES;
				GENERATE_INFOPLIST_FILE = YES;
				INFOPLIST_KEY_UIApplicationSceneManifest_Generation = YES;
				INFOPLIST_KEY_UIApplicationSupportsIndirectInputEvents = YES;
				INFOPLIST_KEY_UILaunchScreen_Generation = YES;
				INFOPLIST_KEY_UISupportedInterfaceOrientations_iPad = "UIInterfaceOrientationPortrait UIInterfaceOrientationPortraitUpsideDown UIInterfaceOrientationLandscapeLeft UIInterfaceOrientationLandscapeRight";
				INFOPLIST_KEY_UISupportedInterfaceOrientations_iPhone = "UIInterfaceOrientationPortrait UIInterfaceOrientationLandscapeLeft UIInterfaceOrientationLandscapeRight";
				LD_RUNPATH_SEARCH_PATHS = (
					"$(inherited)",
					"@executable_path/Frameworks",
				);
				MARKETING_VERSION = 1.0;
				PRODUCT_BUNDLE_IDENTIFIER = com.br.dandan.noteGPT;
				PRODUCT_NAME = "$(TARGET_NAME)";
				SWIFT_EMIT_LOC_STRINGS = YES;
				SWIFT_VERSION = 5.0;
				TARGETED_DEVICE_FAMILY = "1,2";
			};
			name = Release;
		};
/* End XCBuildConfiguration section */

/* Begin XCConfigurationList section */
		F59F3A4D2A9419D50060F98E /* Build configuration list for PBXProject "noteGPT" */ = {
			isa = XCConfigurationList;
			buildConfigurations = (
				F59F3A5E2A9419D70060F98E /* Debug */,
				F59F3A5F2A9419D70060F98E /* Release */,
			);
			defaultConfigurationIsVisible = 0;
			defaultConfigurationName = Release;
		};
		F59F3A602A9419D70060F98E /* Build configuration list for PBXNativeTarget "noteGPT" */ = {
			isa = XCConfigurationList;
			buildConfigurations = (
				F59F3A612A9419D70060F98E /* Debug */,
				F59F3A622A9419D70060F98E /* Release */,
			);
			defaultConfigurationIsVisible = 0;
			defaultConfigurationName = Release;
		};
/* End XCConfigurationList section */
	};
	rootObject = F59F3A4A2A9419D50060F98E /* Project object */;
}
